
Microsoft Visual Studio Solution File, Format Version 12.00
# Visual Studio Version 17
VisualStudioVersion = 17.1.32328.378
MinimumVisualStudioVersion = 10.0.40219.1
Project("{FAE04EC0-301F-11D3-BF4B-00C04F79EFBC}") = "MayoresEdad", "MayoresEdad\MayoresEdad.csproj", "{0D199596-630F-4A92-85BF-A350EF9D34BD}"
EndProject
Project("{FAE04EC0-301F-11D3-BF4B-00C04F79EFBC}") = "EleccionesDelegado", "EleccionesDelegado\EleccionesDelegado.csproj", "{A4667730-C18A-451A-B431-7B3077C6A5EF}"
EndProject
Project("{FAE04EC0-301F-11D3-BF4B-00C04F79EFBC}") = "EmpleadoSueldo", "EmpleadoSueldo\EmpleadoSueldo.csproj", "{C108ED9D-070F-434F-983C-514C833D381A}"
EndProject
Project("{FAE04EC0-301F-11D3-BF4B-00C04F79EFBC}") = "Factorial", "Factorial\Factorial.csproj", "{923308F2-C21F-4D18-BA51-5CFF509AD8AE}"
EndProject
Project("{FAE04EC0-301F-11D3-BF4B-00C04F79EFBC}") = "CambiosPalabras", "CambiosPalabras\CambiosPalabras.csproj", "{9B2B96DE-E308-44C3-927F-BE7C7B2D7FB8}"
EndProject
Global
	GlobalSection(SolutionConfigurationPlatforms) = preSolution
		Debug|Any CPU = Debug|Any CPU
		Release|Any CPU = Release|Any CPU
	EndGlobalSection
	GlobalSection(ProjectConfigurationPlatforms) = postSolution
		{0D199596-630F-4A92-85BF-A350EF9D34BD}.Debug|Any CPU.ActiveCfg = Debug|Any CPU
		{0D199596-630F-4A92-85BF-A350EF9D34BD}.Debug|Any CPU.Build.0 = Debug|Any CPU
		{0D199596-630F-4A92-85BF-A350EF9D34BD}.Release|Any CPU.ActiveCfg = Release|Any CPU
		{0D199596-630F-4A92-85BF-A350EF9D34BD}.Release|Any CPU.Build.0 = Release|Any CPU
		{A4667730-C18A-451A-B431-7B3077C6A5EF}.Debug|Any CPU.ActiveCfg = Debug|Any CPU
		{A4667730-C18A-451A-B431-7B3077C6A5EF}.Debug|Any CPU.Build.0 = Debug|Any CPU
		{A4667730-C18A-451A-B431-7B3077C6A5EF}.Release|Any CPU.ActiveCfg = Release|Any CPU
		{A4667730-C18A-451A-B431-7B3077C6A5EF}.Release|Any CPU.Build.0 = Release|Any CPU
		{C108ED9D-070F-434F-983C-514C833D381A}.Debug|Any CPU.ActiveCfg = Debug|Any CPU
		{C108ED9D-070F-434F-983C-514C833D381A}.Debug|Any CPU.Build.0 = Debug|Any CPU
		{C108ED9D-070F-434F-983C-514C833D381A}.Release|Any CPU.ActiveCfg = Release|Any CPU
		{C108ED9D-070F-434F-983C-514C833D381A}.Release|Any CPU.Build.0 = Release|Any CPU
		{923308F2-C21F-4D18-BA51-5CFF509AD8AE}.Debug|Any CPU.ActiveCfg = Debug|Any CPU
		{923308F2-C21F-4D18-BA51-5CFF509AD8AE}.Debug|Any CPU.Build.0 = Debug|Any CPU
		{923308F2-C21F-4D18-BA51-5CFF509AD8AE}.Release|Any CPU.ActiveCfg = Release|Any CPU
		{923308F2-C21F-4D18-BA51-5CFF509AD8AE}.Release|Any CPU.Build.0 = Release|Any CPU
		{9B2B96DE-E308-44C3-927F-BE7C7B2D7FB8}.Debug|Any CPU.ActiveCfg = Debug|Any CPU
		{9B2B96DE-E308-44C3-927F-BE7C7B2D7FB8}.Debug|Any CPU.Build.0 = Debug|Any CPU
		{9B2B96DE-E308-44C3-927F-BE7C7B2D7FB8}.Release|Any CPU.ActiveCfg = Release|Any CPU
		{9B2B96DE-E308-44C3-927F-BE7C7B2D7FB8}.Release|Any CPU.Build.0 = Release|Any CPU
	EndGlobalSection
	GlobalSection(SolutionProperties) = preSolution
		HideSolutionNode = FALSE
	EndGlobalSection
	GlobalSection(ExtensibilityGlobals) = postSolution
		SolutionGuid = {F172C12D-DF6A-413F-AE44-29EA8CCB43F4}
	EndGlobalSection
EndGlobal
